NeoBundleLock YouCompleteMe 5ee7bd2c807384ac51074f8212a4aec5364627b9
NeoBundleLock ack.vim b9ceb0f9eec504e18b67f43ab9c6ba2bd5b80c2d
NeoBundleLock ctrlp.vim 564176f01d7f3f7f8ab452ff4e1f5314de7b0981
NeoBundleLock neobundle.vim 8ea71a7c3303f043a127b2d1d1a41e81dc85c132
NeoBundleLock nerdtree 4ebbb533c3faf2c480211db2b547972bb3b60f2b
NeoBundleLock syntastic de0106e839e6ee21a5dd3c42f1abb7d79d931bdd
NeoBundleLock vim-airline d7fd8ca649e441b3865551a325b10504cdf0711b
NeoBundleLock vim-codefmt c71d95325aeccd11f95320d29e368315c67dbfbe
NeoBundleLock vim-colors-solarized 528a59f26d12278698bb946f8fb82a63711eec21
NeoBundleLock vim-fugitive 9835920a3c91236021fc8c88cc4157304e24356b
NeoBundleLock vim-glaive f0a44ceb6a6f90de1d56bfb60c2686b81f79672a
NeoBundleLock vim-maktaba 4eb1f7071578c297ab8291d0677a2847162290a8
NeoBundleLock vim-orgmode 2374ba4f5006be75419898c2e6014d1f53e153dd
NeoBundleLock vim-rails df64206ed39557d7409c7dc2a7d0e943fac40b8d
NeoBundleLock vim-rspec 2cf8c5002cb89eb8e9aabe59d25b89dc5afec88a
NeoBundleLock vim-ruby cc6fb0fb224214f26ef3e7685b0442c5073014e2
NeoBundleLock vim-speeddating 426c792e479f6e1650a6996c683943a09344c21e
NeoBundleLock vimtex 664b7259ce7b408e1b3affb93f307c0395eb8bbd
