NeoBundleLock YouCompleteMe a2808ee3ff7e8f4e90f6157f062c2aac6057c087
NeoBundleLock ctrlp.vim b5d3fe66a58a13d2ff8b6391f4387608496a030f
NeoBundleLock neobundle.vim 508db1afe01c703149ba045bedc6baae6f90890d
NeoBundleLock neosnippet-snippets 7bc1674170670a4c43f7f4fc65e0e396759512ea
NeoBundleLock neosnippet.vim 1617094a8c9df36d9a505f533b3a2efa44039412
NeoBundleLock nerdtree bcf3de4fdffae45fc7c85b6b84a01b37177924aa
NeoBundleLock syntastic b8aef009b15d5790df0bdd71d3cf32381ee4536a
NeoBundleLock vim-airline cdc6d98a09db60d3dda58815616f78338cbdaa9d
NeoBundleLock vim-codefmt 457846a97d370a3ef17863f9cb203b5dd3450b5f
NeoBundleLock vim-colors-solarized 528a59f26d12278698bb946f8fb82a63711eec21
NeoBundleLock vim-fugitive b319b694539017dcd789dc2c42f784a30d7b28b8
NeoBundleLock vim-glaive f0a44ceb6a6f90de1d56bfb60c2686b81f79672a
NeoBundleLock vim-maktaba d33b26db201d2e647ca5ca2f0217cccfdc1adcf0
NeoBundleLock vim-orgmode 57fada7aacd84adf4435340c328178eb53f0fcd9
NeoBundleLock vim-rails f694d6213b2e3113ec5e45198603dd3a15373f01
NeoBundleLock vim-ruby 3db2f8362011c984d1acfcae42b5cedf9b64219f
NeoBundleLock vim-speeddating 426c792e479f6e1650a6996c683943a09344c21e
NeoBundleLock vimtex 5d5c71044880443035e07009497962feacb56b20
