NeoBundleLock YouCompleteMe f94b342989deb1a20b5f87ef2a7d30b16a9ff733
NeoBundleLock ctrlp.vim b5d3fe66a58a13d2ff8b6391f4387608496a030f
NeoBundleLock neobundle.vim 09018181786e4d553853e81c28a08d0e697e6eab
NeoBundleLock neosnippet-snippets f72814aee4f8530b0f22ca9fa814e1e6473ba543
NeoBundleLock neosnippet.vim 1617094a8c9df36d9a505f533b3a2efa44039412
NeoBundleLock nerdtree bcf3de4fdffae45fc7c85b6b84a01b37177924aa
NeoBundleLock syntastic 0fe6035959a263efe7977d203221461e45c5a068
NeoBundleLock vim-airline cdc6d98a09db60d3dda58815616f78338cbdaa9d
NeoBundleLock vim-codefmt 457846a97d370a3ef17863f9cb203b5dd3450b5f
NeoBundleLock vim-colors-solarized 528a59f26d12278698bb946f8fb82a63711eec21
NeoBundleLock vim-fugitive b319b694539017dcd789dc2c42f784a30d7b28b8
NeoBundleLock vim-glaive f0a44ceb6a6f90de1d56bfb60c2686b81f79672a
NeoBundleLock vim-maktaba d33b26db201d2e647ca5ca2f0217cccfdc1adcf0
NeoBundleLock vim-rails f694d6213b2e3113ec5e45198603dd3a15373f01
NeoBundleLock vim-ruby 37ab22005b44605c1c5385d6551644c49199b691
NeoBundleLock vimtex 5d5c71044880443035e07009497962feacb56b20
